
Microsoft Visual Studio Solution File, Format Version 12.00
# Visual Studio Version 16
VisualStudioVersion = 16.0.29920.165
MinimumVisualStudioVersion = 10.0.40219.1
Project("{FAE04EC0-301F-11D3-BF4B-00C04F79EFBC}") = "MVCTimePerson", "MVCTimePerson\MVCTimePerson.csproj", "{229E1B25-4046-4608-A7E5-2DEAB401AACB}"
EndProject
Global
	GlobalSection(SolutionConfigurationPlatforms) = preSolution
		Debug|Any CPU = Debug|Any CPU
		Release|Any CPU = Release|Any CPU
	EndGlobalSection
	GlobalSection(ProjectConfigurationPlatforms) = postSolution
		{229E1B25-4046-4608-A7E5-2DEAB401AACB}.Debug|Any CPU.ActiveCfg = Debug|Any CPU
		{229E1B25-4046-4608-A7E5-2DEAB401AACB}.Debug|Any CPU.Build.0 = Debug|Any CPU
		{229E1B25-4046-4608-A7E5-2DEAB401AACB}.Release|Any CPU.ActiveCfg = Release|Any CPU
		{229E1B25-4046-4608-A7E5-2DEAB401AACB}.Release|Any CPU.Build.0 = Release|Any CPU
	EndGlobalSection
	GlobalSection(SolutionProperties) = preSolution
		HideSolutionNode = FALSE
	EndGlobalSection
	GlobalSection(ExtensibilityGlobals) = postSolution
		SolutionGuid = {F18A3D3F-2456-4175-888B-08B5F0A7E36B}
	EndGlobalSection
EndGlobal
